<?xml version="1.0" encoding="utf-8"?>
<Project ToolsVersion="4.0" xmlns="http://schemas.microsoft.com/developer/msbuild/2003">
  <ItemGroup>
    <Filter Include="src">
      <UniqueIdentifier>{6abb2bff-ece2-4bf0-881f-5440479540b8}</UniqueIdentifier>
    </Filter>
    <Filter Include="src\utils">
      <UniqueIdentifier>{0cf38b8e-c655-4161-bc73-4ee711bbf388}</UniqueIdentifier>
    </Filter>
  </ItemGroup>
  <ItemGroup>
    <ClCompile Include="..\src\Database.cpp">
      <Filter>src</Filter>
    </ClCompile>
    <ClCompile Include="..\src\ServerSocket.cpp">
      <Filter>src</Filter>
    </ClCompile>
    <ClCompile Include="..\src\Actor.cpp">
      <Filter>src</Filter>
    </ClCompile>
    <ClCompile Include="..\src\utils\ByteArray.cpp">
      <Filter>src\utils</Filter>
    </ClCompile>
    <ClCompile Include="..\src\utils\Log.cpp">
      <Filter>src\utils</Filter>
    </ClCompile>
    <ClCompile Include="..\src\utils\Timer.cpp">
      <Filter>src\utils</Filter>
    </ClCompile>
    <ClCompile Include="..\src\utils\Profiler.cpp">
      <Filter>src\utils</Filter>
    </ClCompile>
    <ClCompile Include="..\src\utils\String.cpp">
      <Filter>src\utils</Filter>
    </ClCompile>
  </ItemGroup>
  <ItemGroup>
    <ClInclude Include="..\src\Database.h">
      <Filter>src</Filter>
    </ClInclude>
    <ClInclude Include="..\src\ServerSocket.h">
      <Filter>src</Filter>
    </ClInclude>
    <ClInclude Include="..\src\Actor.h">
      <Filter>src</Filter>
    </ClInclude>
    <ClInclude Include="..\src\utils\ByteArray.h">
      <Filter>src\utils</Filter>
    </ClInclude>
    <ClInclude Include="..\src\utils\Log.h">
      <Filter>src\utils</Filter>
    </ClInclude>
    <ClInclude Include="..\src\utils\Timer.h">
      <Filter>src\utils</Filter>
    </ClInclude>
    <ClInclude Include="..\src\utils\Profiler.h">
      <Filter>src\utils</Filter>
    </ClInclude>
    <ClInclude Include="..\src\utils\ObjectPool.h">
      <Filter>src\utils</Filter>
    </ClInclude>
    <ClInclude Include="..\src\utils\String.h">
      <Filter>src\utils</Filter>
    </ClInclude>
  </ItemGroup>
</Project>