<?xml version="1.0" encoding="utf-8"?>
<Project ToolsVersion="4.0" xmlns="http://schemas.microsoft.com/developer/msbuild/2003">
  <ItemGroup>
    <Filter Include="src">
      <UniqueIdentifier>{6abb2bff-ece2-4bf0-881f-5440479540b8}</UniqueIdentifier>
    </Filter>
  </ItemGroup>
  <ItemGroup>
    <ClCompile Include="..\src\ByteArray.cpp">
      <Filter>src</Filter>
    </ClCompile>
    <ClCompile Include="..\src\Database.cpp">
      <Filter>src</Filter>
    </ClCompile>
    <ClCompile Include="..\src\ServerSocket.cpp">
      <Filter>src</Filter>
    </ClCompile>
    <ClCompile Include="..\src\Log.cpp">
      <Filter>src</Filter>
    </ClCompile>
    <ClCompile Include="..\src\Timer.cpp">
      <Filter>src</Filter>
    </ClCompile>
    <ClCompile Include="..\src\Actor.cpp">
      <Filter>src</Filter>
    </ClCompile>
  </ItemGroup>
  <ItemGroup>
    <ClInclude Include="..\src\ByteArray.h">
      <Filter>src</Filter>
    </ClInclude>
    <ClInclude Include="..\src\Database.h">
      <Filter>src</Filter>
    </ClInclude>
    <ClInclude Include="..\src\ServerSocket.h">
      <Filter>src</Filter>
    </ClInclude>
    <ClInclude Include="..\src\Log.h">
      <Filter>src</Filter>
    </ClInclude>
    <ClInclude Include="..\src\Timer.h">
      <Filter>src</Filter>
    </ClInclude>
    <ClInclude Include="..\src\Actor.h">
      <Filter>src</Filter>
    </ClInclude>
    <ClInclude Include="..\src\ObjectPool.h">
      <Filter>src</Filter>
    </ClInclude>
  </ItemGroup>
</Project>