<?xml version="1.0" encoding="utf-8"?>
<Project ToolsVersion="4.0" xmlns="http://schemas.microsoft.com/developer/msbuild/2003">
  <ItemGroup>
    <Filter Include="src">
      <UniqueIdentifier>{8c2a6b48-30cd-405a-a619-4271e47182ee}</UniqueIdentifier>
    </Filter>
    <Filter Include="src\gameLogic">
      <UniqueIdentifier>{9d8c9115-cff7-475c-b1ac-ff15d9501408}</UniqueIdentifier>
    </Filter>
    <Filter Include="src\database">
      <UniqueIdentifier>{ed909891-866d-4c82-8b77-38378458af5c}</UniqueIdentifier>
    </Filter>
    <Filter Include="src\network">
      <UniqueIdentifier>{91c2b063-1eb8-407d-9e89-acb25f99f3ad}</UniqueIdentifier>
    </Filter>
    <Filter Include="src\upgrade">
      <UniqueIdentifier>{718f0364-c322-4dfb-9b3f-06dd8de94ec1}</UniqueIdentifier>
    </Filter>
  </ItemGroup>
  <ItemGroup>
    <ClCompile Include="..\src\main.cpp">
      <Filter>src</Filter>
    </ClCompile>
    <ClCompile Include="..\src\network\WebsocketClient.cpp">
      <Filter>src\network</Filter>
    </ClCompile>
    <ClCompile Include="..\src\GlobalData.cpp">
      <Filter>src</Filter>
    </ClCompile>
    <ClCompile Include="..\src\upgrade\Upgrader.cpp">
      <Filter>src\upgrade</Filter>
    </ClCompile>
    <ClCompile Include="..\src\gameLogic\UserLogin.cpp">
      <Filter>src\gameLogic</Filter>
    </ClCompile>
    <ClCompile Include="..\src\database\PlayerQuery.cpp">
      <Filter>src\database</Filter>
    </ClCompile>
    <ClCompile Include="..\src\gameLogic\PlayerLogic.cpp">
      <Filter>src\gameLogic</Filter>
    </ClCompile>
    <ClCompile Include="..\src\network\GameServer.cpp">
      <Filter>src\network</Filter>
    </ClCompile>
  </ItemGroup>
  <ItemGroup>
    <ClInclude Include="..\src\network\WebsocketClient.h">
      <Filter>src\network</Filter>
    </ClInclude>
    <ClInclude Include="..\src\GlobalData.h">
      <Filter>src</Filter>
    </ClInclude>
    <ClInclude Include="..\src\GameEvent.h">
      <Filter>src</Filter>
    </ClInclude>
    <ClInclude Include="..\src\upgrade\Upgrader.h">
      <Filter>src\upgrade</Filter>
    </ClInclude>
    <ClInclude Include="..\src\gameLogic\UserLogin.h">
      <Filter>src\gameLogic</Filter>
    </ClInclude>
    <ClInclude Include="..\src\database\PlayerQuery.h">
      <Filter>src\database</Filter>
    </ClInclude>
    <ClInclude Include="..\src\gameLogic\PlayerLogic.h">
      <Filter>src\gameLogic</Filter>
    </ClInclude>
    <ClInclude Include="..\src\network\Message.h">
      <Filter>src\network</Filter>
    </ClInclude>
    <ClInclude Include="..\src\DataDefinition.h">
      <Filter>src</Filter>
    </ClInclude>
    <ClInclude Include="..\src\network\GameServer.h">
      <Filter>src\network</Filter>
    </ClInclude>
  </ItemGroup>
</Project>